
Microsoft Visual Studio Solution File, Format Version 12.00
# Visual Studio Version 16
VisualStudioVersion = 16.0.31911.196
MinimumVisualStudioVersion = 10.0.40219.1
Project("{9A19103F-16F7-4668-BE54-9A1E7A4F7556}") = "ECommerce.Business", "..\ECommerceProject\ECommerce.Business\ECommerce.Business.csproj", "{366F0612-D6CA-40C1-B7C5-22753561B55A}"
EndProject
Project("{9A19103F-16F7-4668-BE54-9A1E7A4F7556}") = "ECommerce.DataAccess", "..\ECommerceProject\ECommerce.DataAccess\ECommerce.DataAccess.csproj", "{4FAEF767-6184-4F2A-88AC-1D36415D96A7}"
EndProject
Project("{9A19103F-16F7-4668-BE54-9A1E7A4F7556}") = "ECommerce.Entities", "..\ECommerceProject\ECommerce.Entities\ECommerce.Entities.csproj", "{7261BCBA-E2D4-42A0-9090-7660184551FA}"
EndProject
Project("{9A19103F-16F7-4668-BE54-9A1E7A4F7556}") = "ECommerce.Api", "ECommerce.Api\ECommerce.Api.csproj", "{D22FA298-9058-4FB5-B602-ACC6EE00F504}"
EndProject
Project("{9A19103F-16F7-4668-BE54-9A1E7A4F7556}") = "ECommerce.Application", "ECommerce.Application\ECommerce.Application.csproj", "{DA99D25B-007F-48FD-9B2E-8B63E089A451}"
EndProject
Global
	GlobalSection(SolutionConfigurationPlatforms) = preSolution
		Debug|Any CPU = Debug|Any CPU
		Release|Any CPU = Release|Any CPU
	EndGlobalSection
	GlobalSection(ProjectConfigurationPlatforms) = postSolution
		{366F0612-D6CA-40C1-B7C5-22753561B55A}.Debug|Any CPU.ActiveCfg = Debug|Any CPU
		{366F0612-D6CA-40C1-B7C5-22753561B55A}.Debug|Any CPU.Build.0 = Debug|Any CPU
		{366F0612-D6CA-40C1-B7C5-22753561B55A}.Release|Any CPU.ActiveCfg = Release|Any CPU
		{366F0612-D6CA-40C1-B7C5-22753561B55A}.Release|Any CPU.Build.0 = Release|Any CPU
		{4FAEF767-6184-4F2A-88AC-1D36415D96A7}.Debug|Any CPU.ActiveCfg = Debug|Any CPU
		{4FAEF767-6184-4F2A-88AC-1D36415D96A7}.Debug|Any CPU.Build.0 = Debug|Any CPU
		{4FAEF767-6184-4F2A-88AC-1D36415D96A7}.Release|Any CPU.ActiveCfg = Release|Any CPU
		{4FAEF767-6184-4F2A-88AC-1D36415D96A7}.Release|Any CPU.Build.0 = Release|Any CPU
		{7261BCBA-E2D4-42A0-9090-7660184551FA}.Debug|Any CPU.ActiveCfg = Debug|Any CPU
		{7261BCBA-E2D4-42A0-9090-7660184551FA}.Debug|Any CPU.Build.0 = Debug|Any CPU
		{7261BCBA-E2D4-42A0-9090-7660184551FA}.Release|Any CPU.ActiveCfg = Release|Any CPU
		{7261BCBA-E2D4-42A0-9090-7660184551FA}.Release|Any CPU.Build.0 = Release|Any CPU
		{D22FA298-9058-4FB5-B602-ACC6EE00F504}.Debug|Any CPU.ActiveCfg = Debug|Any CPU
		{D22FA298-9058-4FB5-B602-ACC6EE00F504}.Debug|Any CPU.Build.0 = Debug|Any CPU
		{D22FA298-9058-4FB5-B602-ACC6EE00F504}.Release|Any CPU.ActiveCfg = Release|Any CPU
		{D22FA298-9058-4FB5-B602-ACC6EE00F504}.Release|Any CPU.Build.0 = Release|Any CPU
		{DA99D25B-007F-48FD-9B2E-8B63E089A451}.Debug|Any CPU.ActiveCfg = Debug|Any CPU
		{DA99D25B-007F-48FD-9B2E-8B63E089A451}.Debug|Any CPU.Build.0 = Debug|Any CPU
		{DA99D25B-007F-48FD-9B2E-8B63E089A451}.Release|Any CPU.ActiveCfg = Release|Any CPU
		{DA99D25B-007F-48FD-9B2E-8B63E089A451}.Release|Any CPU.Build.0 = Release|Any CPU
	EndGlobalSection
	GlobalSection(SolutionProperties) = preSolution
		HideSolutionNode = FALSE
	EndGlobalSection
	GlobalSection(ExtensibilityGlobals) = postSolution
		SolutionGuid = {20048511-3E8C-42EC-9677-9E92F61B3D09}
	EndGlobalSection
EndGlobal
